
Microsoft Visual Studio Solution File, Format Version 12.00
# Visual Studio 15
VisualStudioVersion = 15.0.28010.2026
MinimumVisualStudioVersion = 10.0.40219.1
Project("{888888A0-9F3D-457C-B088-3A5042F75D52}") = "时钟", "时钟\时钟.pyproj", "{CDD19B60-514B-44FE-811B-81FFE0BE0300}"
EndProject
Global
	GlobalSection(SolutionConfigurationPlatforms) = preSolution
		Debug|Any CPU = Debug|Any CPU
		Release|Any CPU = Release|Any CPU
	EndGlobalSection
	GlobalSection(ProjectConfigurationPlatforms) = postSolution
		{CDD19B60-514B-44FE-811B-81FFE0BE0300}.Debug|Any CPU.ActiveCfg = Debug|Any CPU
		{CDD19B60-514B-44FE-811B-81FFE0BE0300}.Release|Any CPU.ActiveCfg = Release|Any CPU
	EndGlobalSection
	GlobalSection(SolutionProperties) = preSolution
		HideSolutionNode = FALSE
	EndGlobalSection
	GlobalSection(ExtensibilityGlobals) = postSolution
		SolutionGuid = {02B7531E-E765-47E4-9B14-B47DA5FAAB04}
	EndGlobalSection
EndGlobal
